
Microsoft Visual Studio Solution File, Format Version 12.00
# Visual Studio Version 17
VisualStudioVersion = 17.8.34309.116
MinimumVisualStudioVersion = 10.0.40219.1
Project("{FAE04EC0-301F-11D3-BF4B-00C04F79EFBC}") = "Loader", "Loader.csproj", "{8AD600F1-5392-47DB-B79B-ACCE3F4EAC10}"
EndProject
Global
	GlobalSection(SolutionConfigurationPlatforms) = preSolution
		Debug|Any CPU = Debug|Any CPU
		Release|Any CPU = Release|Any CPU
	EndGlobalSection
	GlobalSection(ProjectConfigurationPlatforms) = postSolution
		{8AD600F1-5392-47DB-B79B-ACCE3F4EAC10}.Debug|Any CPU.ActiveCfg = Debug|Any CPU
		{8AD600F1-5392-47DB-B79B-ACCE3F4EAC10}.Debug|Any CPU.Build.0 = Debug|Any CPU
		{8AD600F1-5392-47DB-B79B-ACCE3F4EAC10}.Release|Any CPU.ActiveCfg = Release|Any CPU
		{8AD600F1-5392-47DB-B79B-ACCE3F4EAC10}.Release|Any CPU.Build.0 = Release|Any CPU
	EndGlobalSection
	GlobalSection(SolutionProperties) = preSolution
		HideSolutionNode = FALSE
	EndGlobalSection
	GlobalSection(ExtensibilityGlobals) = postSolution
		SolutionGuid = {FA2C532D-0552-43F8-A933-1358243DD3AD}
	EndGlobalSection
EndGlobal
