
Microsoft Visual Studio Solution File, Format Version 12.00
# Visual Studio Version 17
VisualStudioVersion = 17.8.34309.116
MinimumVisualStudioVersion = 10.0.40219.1
Project("{FAE04EC0-301F-11D3-BF4B-00C04F79EFBC}") = "NetWare", "NetWare.csproj", "{D469283D-0772-47D9-90E3-9DBE9E621FFB}"
EndProject
Global
	GlobalSection(SolutionConfigurationPlatforms) = preSolution
		Debug|Any CPU = Debug|Any CPU
		Release|Any CPU = Release|Any CPU
	EndGlobalSection
	GlobalSection(ProjectConfigurationPlatforms) = postSolution
		{D469283D-0772-47D9-90E3-9DBE9E621FFB}.Debug|Any CPU.ActiveCfg = Debug|Any CPU
		{D469283D-0772-47D9-90E3-9DBE9E621FFB}.Debug|Any CPU.Build.0 = Debug|Any CPU
		{D469283D-0772-47D9-90E3-9DBE9E621FFB}.Release|Any CPU.ActiveCfg = Release|Any CPU
		{D469283D-0772-47D9-90E3-9DBE9E621FFB}.Release|Any CPU.Build.0 = Release|Any CPU
	EndGlobalSection
	GlobalSection(SolutionProperties) = preSolution
		HideSolutionNode = FALSE
	EndGlobalSection
	GlobalSection(ExtensibilityGlobals) = postSolution
		SolutionGuid = {0EEE4CD2-B42E-45CA-A2C0-DDCDD77E1D82}
	EndGlobalSection
EndGlobal
